
Microsoft Visual Studio Solution File, Format Version 12.00
# Visual Studio Version 16
VisualStudioVersion = 16.0.32106.194
MinimumVisualStudioVersion = 10.0.40219.1
Project("{FAE04EC0-301F-11D3-BF4B-00C04F79EFBC}") = "UPT.Physic", "UPT.Physic\UPT.Physic.csproj", "{65A6566B-3741-4CEE-A17D-218D19C07EF8}"
EndProject
Global
	GlobalSection(SolutionConfigurationPlatforms) = preSolution
		Debug|Any CPU = Debug|Any CPU
		Release|Any CPU = Release|Any CPU
	EndGlobalSection
	GlobalSection(ProjectConfigurationPlatforms) = postSolution
		{65A6566B-3741-4CEE-A17D-218D19C07EF8}.Debug|Any CPU.ActiveCfg = Debug|Any CPU
		{65A6566B-3741-4CEE-A17D-218D19C07EF8}.Debug|Any CPU.Build.0 = Debug|Any CPU
		{65A6566B-3741-4CEE-A17D-218D19C07EF8}.Release|Any CPU.ActiveCfg = Release|Any CPU
		{65A6566B-3741-4CEE-A17D-218D19C07EF8}.Release|Any CPU.Build.0 = Release|Any CPU
	EndGlobalSection
	GlobalSection(SolutionProperties) = preSolution
		HideSolutionNode = FALSE
	EndGlobalSection
	GlobalSection(ExtensibilityGlobals) = postSolution
		SolutionGuid = {294CCDB6-055C-464E-BF7D-AC902083CC25}
	EndGlobalSection
EndGlobal
